
Microsoft Visual Studio Solution File, Format Version 12.00
Project("{FAE04EC0-301F-11D3-BF4B-00C04F79EFBC}") = "Xunit.Extensions.Scheduler", "XUnit.AsyncScheduler\Xunit.Extensions.Scheduler\Xunit.Extensions.Scheduler.csproj", "{161B88BA-B7C2-456B-B0C6-225ADB2EB515}"
EndProject
Global
	GlobalSection(SolutionConfigurationPlatforms) = preSolution
		Debug|Any CPU = Debug|Any CPU
		Release|Any CPU = Release|Any CPU
	EndGlobalSection
	GlobalSection(ProjectConfigurationPlatforms) = postSolution
		{161B88BA-B7C2-456B-B0C6-225ADB2EB515}.Debug|Any CPU.ActiveCfg = Debug|Any CPU
		{161B88BA-B7C2-456B-B0C6-225ADB2EB515}.Debug|Any CPU.Build.0 = Debug|Any CPU
		{161B88BA-B7C2-456B-B0C6-225ADB2EB515}.Release|Any CPU.ActiveCfg = Release|Any CPU
		{161B88BA-B7C2-456B-B0C6-225ADB2EB515}.Release|Any CPU.Build.0 = Release|Any CPU
	EndGlobalSection
EndGlobal
